// !$*UTF8*$!
{
	archiveVersion = 1;
	classes = {
	};
	objectVersion = 50;
	objects = {

/* Begin PBXBuildFile section */
		342F55E324A9575300675438 /* FareCalc.swift in Sources */ = {isa = PBXBuildFile; fileRef = 342F55E224A9575300675438 /* FareCalc.swift */; };
		342F55E524A958D000675438 /* Constants.swift in Sources */ = {isa = PBXBuildFile; fileRef = 342F55E424A958D000675438 /* Constants.swift */; };
		342F55E724A9757E00675438 /* RefillViewController.swift in Sources */ = {isa = PBXBuildFile; fileRef = 342F55E624A9757E00675438 /* RefillViewController.swift */; };
		34B6341124A7EB1F009EACDC /* AppDelegate.swift in Sources */ = {isa = PBXBuildFile; fileRef = 34B6341024A7EB1F009EACDC /* AppDelegate.swift */; };
		34B6341324A7EB1F009EACDC /* SceneDelegate.swift in Sources */ = {isa = PBXBuildFile; fileRef = 34B6341224A7EB1F009EACDC /* SceneDelegate.swift */; };
		34B6341524A7EB1F009EACDC /* ViewController.swift in Sources */ = {isa = PBXBuildFile; fileRef = 34B6341424A7EB1F009EACDC /* ViewController.swift */; };
		34B6341824A7EB1F009EACDC /* Main.storyboard in Resources */ = {isa = PBXBuildFile; fileRef = 34B6341624A7EB1F009EACDC /* Main.storyboard */; };
		34B6341A24A7EB21009EACDC /* Assets.xcassets in Resources */ = {isa = PBXBuildFile; fileRef = 34B6341924A7EB21009EACDC /* Assets.xcassets */; };
		34B6341D24A7EB21009EACDC /* LaunchScreen.storyboard in Resources */ = {isa = PBXBuildFile; fileRef = 34B6341B24A7EB21009EACDC /* LaunchScreen.storyboard */; };
		34B6342A24A95296009EACDC /* NewCardViewController.swift in Sources */ = {isa = PBXBuildFile; fileRef = 34B6342924A95296009EACDC /* NewCardViewController.swift */; };
/* End PBXBuildFile section */

/* Begin PBXFileReference section */
		342F55E224A9575300675438 /* FareCalc.swift */ = {isa = PBXFileReference; lastKnownFileType = sourcecode.swift; path = FareCalc.swift; sourceTree = "<group>"; };
		342F55E424A958D000675438 /* Constants.swift */ = {isa = PBXFileReference; lastKnownFileType = sourcecode.swift; path = Constants.swift; sourceTree = "<group>"; };
		342F55E624A9757E00675438 /* RefillViewController.swift */ = {isa = PBXFileReference; lastKnownFileType = sourcecode.swift; path = RefillViewController.swift; sourceTree = "<group>"; };
		34B6340D24A7EB1F009EACDC /* MTAFareCalc.app */ = {isa = PBXFileReference; explicitFileType = wrapper.application; includeInIndex = 0; path = MTAFareCalc.app; sourceTree = BUILT_PRODUCTS_DIR; };
		34B6341024A7EB1F009EACDC /* AppDelegate.swift */ = {isa = PBXFileReference; lastKnownFileType = sourcecode.swift; path = AppDelegate.swift; sourceTree = "<group>"; };
		34B6341224A7EB1F009EACDC /* SceneDelegate.swift */ = {isa = PBXFileReference; lastKnownFileType = sourcecode.swift; path = SceneDelegate.swift; sourceTree = "<group>"; };
		34B6341424A7EB1F009EACDC /* ViewController.swift */ = {isa = PBXFileReference; lastKnownFileType = sourcecode.swift; path = ViewController.swift; sourceTree = "<group>"; };
		34B6341724A7EB1F009EACDC /* Base */ = {isa = PBXFileReference; lastKnownFileType = file.storyboard; name = Base; path = Base.lproj/Main.storyboard; sourceTree = "<group>"; };
		34B6341924A7EB21009EACDC /* Assets.xcassets */ = {isa = PBXFileReference; lastKnownFileType = folder.assetcatalog; path = Assets.xcassets; sourceTree = "<group>"; };
		34B6341C24A7EB21009EACDC /* Base */ = {isa = PBXFileReference; lastKnownFileType = file.storyboard; name = Base; path = Base.lproj/LaunchScreen.storyboard; sourceTree = "<group>"; };
		34B6341E24A7EB21009EACDC /* Info.plist */ = {isa = PBXFileReference; lastKnownFileType = text.plist.xml; path = Info.plist; sourceTree = "<group>"; };
		34B6342924A95296009EACDC /* NewCardViewController.swift */ = {isa = PBXFileReference; lastKnownFileType = sourcecode.swift; path = NewCardViewController.swift; sourceTree = "<group>"; };
/* End PBXFileReference section */

/* Begin PBXFrameworksBuildPhase section */
		34B6340A24A7EB1F009EACDC /* Frameworks */ = {
			isa = PBXFrameworksBuildPhase;
			buildActionMask = 2147483647;
			files = (
			);
			runOnlyForDeploymentPostprocessing = 0;
		};
/* End PBXFrameworksBuildPhase section */

/* Begin PBXGroup section */
		34B6340424A7EB1F009EACDC = {
			isa = PBXGroup;
			children = (
				34B6340F24A7EB1F009EACDC /* MTAFareCalc */,
				34B6340E24A7EB1F009EACDC /* Products */,
			);
			sourceTree = "<group>";
		};
		34B6340E24A7EB1F009EACDC /* Products */ = {
			isa = PBXGroup;
			children = (
				34B6340D24A7EB1F009EACDC /* MTAFareCalc.app */,
			);
			name = Products;
			sourceTree = "<group>";
		};
		34B6340F24A7EB1F009EACDC /* MTAFareCalc */ = {
			isa = PBXGroup;
			children = (
				34B6341024A7EB1F009EACDC /* AppDelegate.swift */,
				34B6341224A7EB1F009EACDC /* SceneDelegate.swift */,
				34B6342524A7EE0E009EACDC /* Helpers */,
				34B6342824A7EE7F009EACDC /* View Controllers */,
				34B6342724A7EE65009EACDC /* Views */,
				34B6342624A7EE1D009EACDC /* Model */,
				34B6342424A7EDC8009EACDC /* Storyboards */,
				34B6341924A7EB21009EACDC /* Assets.xcassets */,
				34B6341E24A7EB21009EACDC /* Info.plist */,
			);
			path = MTAFareCalc;
			sourceTree = "<group>";
		};
		34B6342424A7EDC8009EACDC /* Storyboards */ = {
			isa = PBXGroup;
			children = (
				34B6341B24A7EB21009EACDC /* LaunchScreen.storyboard */,
				34B6341624A7EB1F009EACDC /* Main.storyboard */,
			);
			path = Storyboards;
			sourceTree = "<group>";
		};
		34B6342524A7EE0E009EACDC /* Helpers */ = {
			isa = PBXGroup;
			children = (
				342F55E424A958D000675438 /* Constants.swift */,
			);
			path = Helpers;
			sourceTree = "<group>";
		};
		34B6342624A7EE1D009EACDC /* Model */ = {
			isa = PBXGroup;
			children = (
				342F55E224A9575300675438 /* FareCalc.swift */,
			);
			path = Model;
			sourceTree = "<group>";
		};
		34B6342724A7EE65009EACDC /* Views */ = {
			isa = PBXGroup;
			children = (
			);
			path = Views;
			sourceTree = "<group>";
		};
		34B6342824A7EE7F009EACDC /* View Controllers */ = {
			isa = PBXGroup;
			children = (
				34B6341424A7EB1F009EACDC /* ViewController.swift */,
				34B6342924A95296009EACDC /* NewCardViewController.swift */,
				342F55E624A9757E00675438 /* RefillViewController.swift */,
			);
			path = "View Controllers";
			sourceTree = "<group>";
		};
/* End PBXGroup section */

/* Begin PBXNativeTarget section */
		34B6340C24A7EB1F009EACDC /* MTAFareCalc */ = {
			isa = PBXNativeTarget;
			buildConfigurationList = 34B6342124A7EB21009EACDC /* Build configuration list for PBXNativeTarget "MTAFareCalc" */;
			buildPhases = (
				34B6340924A7EB1F009EACDC /* Sources */,
				34B6340A24A7EB1F009EACDC /* Frameworks */,
				34B6340B24A7EB1F009EACDC /* Resources */,
			);
			buildRules = (
			);
			dependencies = (
			);
			name = MTAFareCalc;
			productName = MTAFareCalc;
			productReference = 34B6340D24A7EB1F009EACDC /* MTAFareCalc.app */;
			productType = "com.apple.product-type.application";
		};
/* End PBXNativeTarget section */

/* Begin PBXProject section */
		34B6340524A7EB1F009EACDC /* Project object */ = {
			isa = PBXProject;
			attributes = {
				LastSwiftUpdateCheck = 1150;
				LastUpgradeCheck = 1150;
				ORGANIZATIONNAME = "Brian Anthony M. Balayon";
				TargetAttributes = {
					34B6340C24A7EB1F009EACDC = {
						CreatedOnToolsVersion = 11.5;
					};
				};
			};
			buildConfigurationList = 34B6340824A7EB1F009EACDC /* Build configuration list for PBXProject "MTAFareCalc" */;
			compatibilityVersion = "Xcode 9.3";
			developmentRegion = en;
			hasScannedForEncodings = 0;
			knownRegions = (
				en,
				Base,
			);
			mainGroup = 34B6340424A7EB1F009EACDC;
			productRefGroup = 34B6340E24A7EB1F009EACDC /* Products */;
			projectDirPath = "";
			projectRoot = "";
			targets = (
				34B6340C24A7EB1F009EACDC /* MTAFareCalc */,
			);
		};
/* End PBXProject section */

/* Begin PBXResourcesBuildPhase section */
		34B6340B24A7EB1F009EACDC /* Resources */ = {
			isa = PBXResourcesBuildPhase;
			buildActionMask = 2147483647;
			files = (
				34B6341D24A7EB21009EACDC /* LaunchScreen.storyboard in Resources */,
				34B6341A24A7EB21009EACDC /* Assets.xcassets in Resources */,
				34B6341824A7EB1F009EACDC /* Main.storyboard in Resources */,
			);
			runOnlyForDeploymentPostprocessing = 0;
		};
/* End PBXResourcesBuildPhase section */

/* Begin PBXSourcesBuildPhase section */
		34B6340924A7EB1F009EACDC /* Sources */ = {
			isa = PBXSourcesBuildPhase;
			buildActionMask = 2147483647;
			files = (
				34B6341524A7EB1F009EACDC /* ViewController.swift in Sources */,
				34B6342A24A95296009EACDC /* NewCardViewController.swift in Sources */,
				34B6341124A7EB1F009EACDC /* AppDelegate.swift in Sources */,
				34B6341324A7EB1F009EACDC /* SceneDelegate.swift in Sources */,
				342F55E324A9575300675438 /* FareCalc.swift in Sources */,
				342F55E724A9757E00675438 /* RefillViewController.swift in Sources */,
				342F55E524A958D000675438 /* Constants.swift in Sources */,
			);
			runOnlyForDeploymentPostprocessing = 0;
		};
/* End PBXSourcesBuildPhase section */

/* Begin PBXVariantGroup section */
		34B6341624A7EB1F009EACDC /* Main.storyboard */ = {
			isa = PBXVariantGroup;
			children = (
				34B6341724A7EB1F009EACDC /* Base */,
			);
			name = Main.storyboard;
			sourceTree = "<group>";
		};
		34B6341B24A7EB21009EACDC /* LaunchScreen.storyboard */ = {
			isa = PBXVariantGroup;
			children = (
				34B6341C24A7EB21009EACDC /* Base */,
			);
			name = LaunchScreen.storyboard;
			sourceTree = "<group>";
		};
/* End PBXVariantGroup section */

/* Begin XCBuildConfiguration section */
		34B6341F24A7EB21009EACDC /* Debug */ = {
			isa = XCBuildConfiguration;
			buildSettings = {
				ALWAYS_SEARCH_USER_PATHS = NO;
				CLANG_ANALYZER_NONNULL = YES;
				CLANG_ANALYZER_NUMBER_OBJECT_CONVERSION = YES_AGGRESSIVE;
				CLANG_CXX_LANGUAGE_STANDARD = "gnu++14";
				CLANG_CXX_LIBRARY = "libc++";
				CLANG_ENABLE_MODULES = YES;
				CLANG_ENABLE_OBJC_ARC = YES;
				CLANG_ENABLE_OBJC_WEAK = YES;
				CLANG_WARN_BLOCK_CAPTURE_AUTORELEASING = YES;
				CLANG_WARN_BOOL_CONVERSION = YES;
				CLANG_WARN_COMMA = YES;
				CLANG_WARN_CONSTANT_CONVERSION = YES;
				CLANG_WARN_DEPRECATED_OBJC_IMPLEMENTATIONS = YES;
				CLANG_WARN_DIRECT_OBJC_ISA_USAGE = YES_ERROR;
				CLANG_WARN_DOCUMENTATION_COMMENTS = YES;
				CLANG_WARN_EMPTY_BODY = YES;
				CLANG_WARN_ENUM_CONVERSION = YES;
				CLANG_WARN_INFINITE_RECURSION = YES;
				CLANG_WARN_INT_CONVERSION = YES;
				CLANG_WARN_NON_LITERAL_NULL_CONVERSION = YES;
				CLANG_WARN_OBJC_IMPLICIT_RETAIN_SELF = YES;
				CLANG_WARN_OBJC_LITERAL_CONVERSION = YES;
				CLANG_WARN_OBJC_ROOT_CLASS = YES_ERROR;
				CLANG_WARN_RANGE_LOOP_ANALYSIS = YES;
				CLANG_WARN_STRICT_PROTOTYPES = YES;
				CLANG_WARN_SUSPICIOUS_MOVE = YES;
				CLANG_WARN_UNGUARDED_AVAILABILITY = YES_AGGRESSIVE;
				CLANG_WARN_UNREACHABLE_CODE = YES;
				CLANG_WARN__DUPLICATE_METHOD_MATCH = YES;
				COPY_PHASE_STRIP = NO;
				DEBUG_INFORMATION_FORMAT = dwarf;
				ENABLE_STRICT_OBJC_MSGSEND = YES;
				ENABLE_TESTABILITY = YES;
				GCC_C_LANGUAGE_STANDARD = gnu11;
				GCC_DYNAMIC_NO_PIC = NO;
				GCC_NO_COMMON_BLOCKS = YES;
				GCC_OPTIMIZATION_LEVEL = 0;
				GCC_PREPROCESSOR_DEFINITIONS = (
					"DEBUG=1",
					"$(inherited)",
				);
				GCC_WARN_64_TO_32_BIT_CONVERSION = YES;
				GCC_WARN_ABOUT_RETURN_TYPE = YES_ERROR;
				GCC_WARN_UNDECLARED_SELECTOR = YES;
				GCC_WARN_UNINITIALIZED_AUTOS = YES_AGGRESSIVE;
				GCC_WARN_UNUSED_FUNCTION = YES;
				GCC_WARN_UNUSED_VARIABLE = YES;
				IPHONEOS_DEPLOYMENT_TARGET = 13.5;
				MTL_ENABLE_DEBUG_INFO = INCLUDE_SOURCE;
				MTL_FAST_MATH = YES;
				ONLY_ACTIVE_ARCH = YES;
				SDKROOT = iphoneos;
				SWIFT_ACTIVE_COMPILATION_CONDITIONS = DEBUG;
				SWIFT_OPTIMIZATION_LEVEL = "-Onone";
			};
			name = Debug;
		};
		34B6342024A7EB21009EACDC /* Release */ = {
			isa = XCBuildConfiguration;
			buildSettings = {
				ALWAYS_SEARCH_USER_PATHS = NO;
				CLANG_ANALYZER_NONNULL = YES;
				CLANG_ANALYZER_NUMBER_OBJECT_CONVERSION = YES_AGGRESSIVE;
				CLANG_CXX_LANGUAGE_STANDARD = "gnu++14";
				CLANG_CXX_LIBRARY = "libc++";
				CLANG_ENABLE_MODULES = YES;
				CLANG_ENABLE_OBJC_ARC = YES;
				CLANG_ENABLE_OBJC_WEAK = YES;
				CLANG_WARN_BLOCK_CAPTURE_AUTORELEASING = YES;
				CLANG_WARN_BOOL_CONVERSION = YES;
				CLANG_WARN_COMMA = YES;
				CLANG_WARN_CONSTANT_CONVERSION = YES;
				CLANG_WARN_DEPRECATED_OBJC_IMPLEMENTATIONS = YES;
				CLANG_WARN_DIRECT_OBJC_ISA_USAGE = YES_ERROR;
				CLANG_WARN_DOCUMENTATION_COMMENTS = YES;
				CLANG_WARN_EMPTY_BODY = YES;
				CLANG_WARN_ENUM_CONVERSION = YES;
				CLANG_WARN_INFINITE_RECURSION = YES;
				CLANG_WARN_INT_CONVERSION = YES;
				CLANG_WARN_NON_LITERAL_NULL_CONVERSION = YES;
				CLANG_WARN_OBJC_IMPLICIT_RETAIN_SELF = YES;
				CLANG_WARN_OBJC_LITERAL_CONVERSION = YES;
				CLANG_WARN_OBJC_ROOT_CLASS = YES_ERROR;
				CLANG_WARN_RANGE_LOOP_ANALYSIS = YES;
				CLANG_WARN_STRICT_PROTOTYPES = YES;
				CLANG_WARN_SUSPICIOUS_MOVE = YES;
				CLANG_WARN_UNGUARDED_AVAILABILITY = YES_AGGRESSIVE;
				CLANG_WARN_UNREACHABLE_CODE = YES;
				CLANG_WARN__DUPLICATE_METHOD_MATCH = YES;
				COPY_PHASE_STRIP = NO;
				DEBUG_INFORMATION_FORMAT = "dwarf-with-dsym";
				ENABLE_NS_ASSERTIONS = NO;
				ENABLE_STRICT_OBJC_MSGSEND = YES;
				GCC_C_LANGUAGE_STANDARD = gnu11;
				GCC_NO_COMMON_BLOCKS = YES;
				GCC_WARN_64_TO_32_BIT_CONVERSION = YES;
				GCC_WARN_ABOUT_RETURN_TYPE = YES_ERROR;
				GCC_WARN_UNDECLARED_SELECTOR = YES;
				GCC_WARN_UNINITIALIZED_AUTOS = YES_AGGRESSIVE;
				GCC_WARN_UNUSED_FUNCTION = YES;
				GCC_WARN_UNUSED_VARIABLE = YES;
				IPHONEOS_DEPLOYMENT_TARGET = 13.5;
				MTL_ENABLE_DEBUG_INFO = NO;
				MTL_FAST_MATH = YES;
				SDKROOT = iphoneos;
				SWIFT_COMPILATION_MODE = wholemodule;
				SWIFT_OPTIMIZATION_LEVEL = "-O";
				VALIDATE_PRODUCT = YES;
			};
			name = Release;
		};
		34B6342224A7EB21009EACDC /* Debug */ = {
			isa = XCBuildConfiguration;
			buildSettings = {
				ASSETCATALOG_COMPILER_APPICON_NAME = AppIcon;
				CODE_SIGN_STYLE = Automatic;
				DEVELOPMENT_TEAM = G7MMLJ285R;
				INFOPLIST_FILE = MTAFareCalc/Info.plist;
				LD_RUNPATH_SEARCH_PATHS = (
					"$(inherited)",
					"@executable_path/Frameworks",
				);
				PRODUCT_BUNDLE_IDENTIFIER = com.BAMB.MTAFareCalc;
				PRODUCT_NAME = "$(TARGET_NAME)";
				SWIFT_VERSION = 5.0;
				TARGETED_DEVICE_FAMILY = "1,2";
			};
			name = Debug;
		};
		34B6342324A7EB21009EACDC /* Release */ = {
			isa = XCBuildConfiguration;
			buildSettings = {
				ASSETCATALOG_COMPILER_APPICON_NAME = AppIcon;
				CODE_SIGN_STYLE = Automatic;
				DEVELOPMENT_TEAM = G7MMLJ285R;
				INFOPLIST_FILE = MTAFareCalc/Info.plist;
				LD_RUNPATH_SEARCH_PATHS = (
					"$(inherited)",
					"@executable_path/Frameworks",
				);
				PRODUCT_BUNDLE_IDENTIFIER = com.BAMB.MTAFareCalc;
				PRODUCT_NAME = "$(TARGET_NAME)";
				SWIFT_VERSION = 5.0;
				TARGETED_DEVICE_FAMILY = "1,2";
			};
			name = Release;
		};
/* End XCBuildConfiguration section */

/* Begin XCConfigurationList section */
		34B6340824A7EB1F009EACDC /* Build configuration list for PBXProject "MTAFareCalc" */ = {
			isa = XCConfigurationList;
			buildConfigurations = (
				34B6341F24A7EB21009EACDC /* Debug */,
				34B6342024A7EB21009EACDC /* Release */,
			);
			defaultConfigurationIsVisible = 0;
			defaultConfigurationName = Release;
		};
		34B6342124A7EB21009EACDC /* Build configuration list for PBXNativeTarget "MTAFareCalc" */ = {
			isa = XCConfigurationList;
			buildConfigurations = (
				34B6342224A7EB21009EACDC /* Debug */,
				34B6342324A7EB21009EACDC /* Release */,
			);
			defaultConfigurationIsVisible = 0;
			defaultConfigurationName = Release;
		};
/* End XCConfigurationList section */
	};
	rootObject = 34B6340524A7EB1F009EACDC /* Project object */;
}
